
Microsoft Visual Studio Solution File, Format Version 12.00
# Visual Studio Version 17
VisualStudioVersion = 17.11.35312.102
MinimumVisualStudioVersion = 10.0.40219.1
Project("{9A19103F-16F7-4668-BE54-9A1E7A4F7556}") = "Tackle", "Tackle.csproj", "{3D077DE7-5473-43EC-BBF8-BE44E11005F7}"
EndProject
Project("{9A19103F-16F7-4668-BE54-9A1E7A4F7556}") = "Tackle.Core", "..\Tackle.Core\Tackle.Core.csproj", "{530555B5-C0F8-441C-A1C7-35AF84F066EA}"
EndProject
Global
	GlobalSection(SolutionConfigurationPlatforms) = preSolution
		Debug|Any CPU = Debug|Any CPU
		Debug|arm64 = Debug|arm64
		Debug|x64 = Debug|x64
		Debug|x86 = Debug|x86
		Release|Any CPU = Release|Any CPU
		Release|arm64 = Release|arm64
		Release|x64 = Release|x64
		Release|x86 = Release|x86
	EndGlobalSection
	GlobalSection(ProjectConfigurationPlatforms) = postSolution
		{3D077DE7-5473-43EC-BBF8-BE44E11005F7}.Debug|Any CPU.ActiveCfg = Debug|x64
		{3D077DE7-5473-43EC-BBF8-BE44E11005F7}.Debug|Any CPU.Build.0 = Debug|x64
		{3D077DE7-5473-43EC-BBF8-BE44E11005F7}.Debug|Any CPU.Deploy.0 = Debug|x64
		{3D077DE7-5473-43EC-BBF8-BE44E11005F7}.Debug|arm64.ActiveCfg = Debug|arm64
		{3D077DE7-5473-43EC-BBF8-BE44E11005F7}.Debug|arm64.Build.0 = Debug|arm64
		{3D077DE7-5473-43EC-BBF8-BE44E11005F7}.Debug|arm64.Deploy.0 = Debug|arm64
		{3D077DE7-5473-43EC-BBF8-BE44E11005F7}.Debug|x64.ActiveCfg = Debug|x64
		{3D077DE7-5473-43EC-BBF8-BE44E11005F7}.Debug|x64.Build.0 = Debug|x64
		{3D077DE7-5473-43EC-BBF8-BE44E11005F7}.Debug|x64.Deploy.0 = Debug|x64
		{3D077DE7-5473-43EC-BBF8-BE44E11005F7}.Debug|x86.ActiveCfg = Debug|x86
		{3D077DE7-5473-43EC-BBF8-BE44E11005F7}.Debug|x86.Build.0 = Debug|x86
		{3D077DE7-5473-43EC-BBF8-BE44E11005F7}.Debug|x86.Deploy.0 = Debug|x86
		{3D077DE7-5473-43EC-BBF8-BE44E11005F7}.Release|Any CPU.ActiveCfg = Release|x64
		{3D077DE7-5473-43EC-BBF8-BE44E11005F7}.Release|Any CPU.Build.0 = Release|x64
		{3D077DE7-5473-43EC-BBF8-BE44E11005F7}.Release|Any CPU.Deploy.0 = Release|x64
		{3D077DE7-5473-43EC-BBF8-BE44E11005F7}.Release|arm64.ActiveCfg = Release|arm64
		{3D077DE7-5473-43EC-BBF8-BE44E11005F7}.Release|arm64.Build.0 = Release|arm64
		{3D077DE7-5473-43EC-BBF8-BE44E11005F7}.Release|arm64.Deploy.0 = Release|arm64
		{3D077DE7-5473-43EC-BBF8-BE44E11005F7}.Release|x64.ActiveCfg = Release|x64
		{3D077DE7-5473-43EC-BBF8-BE44E11005F7}.Release|x64.Build.0 = Release|x64
		{3D077DE7-5473-43EC-BBF8-BE44E11005F7}.Release|x64.Deploy.0 = Release|x64
		{3D077DE7-5473-43EC-BBF8-BE44E11005F7}.Release|x86.ActiveCfg = Release|x86
		{3D077DE7-5473-43EC-BBF8-BE44E11005F7}.Release|x86.Build.0 = Release|x86
		{3D077DE7-5473-43EC-BBF8-BE44E11005F7}.Release|x86.Deploy.0 = Release|x86
		{530555B5-C0F8-441C-A1C7-35AF84F066EA}.Debug|Any CPU.ActiveCfg = Debug|Any CPU
		{530555B5-C0F8-441C-A1C7-35AF84F066EA}.Debug|Any CPU.Build.0 = Debug|Any CPU
		{530555B5-C0F8-441C-A1C7-35AF84F066EA}.Debug|arm64.ActiveCfg = Debug|arm64
		{530555B5-C0F8-441C-A1C7-35AF84F066EA}.Debug|arm64.Build.0 = Debug|arm64
		{530555B5-C0F8-441C-A1C7-35AF84F066EA}.Debug|x64.ActiveCfg = Debug|x64
		{530555B5-C0F8-441C-A1C7-35AF84F066EA}.Debug|x64.Build.0 = Debug|x64
		{530555B5-C0F8-441C-A1C7-35AF84F066EA}.Debug|x86.ActiveCfg = Debug|x86
		{530555B5-C0F8-441C-A1C7-35AF84F066EA}.Debug|x86.Build.0 = Debug|x86
		{530555B5-C0F8-441C-A1C7-35AF84F066EA}.Release|Any CPU.ActiveCfg = Release|Any CPU
		{530555B5-C0F8-441C-A1C7-35AF84F066EA}.Release|Any CPU.Build.0 = Release|Any CPU
		{530555B5-C0F8-441C-A1C7-35AF84F066EA}.Release|arm64.ActiveCfg = Release|arm64
		{530555B5-C0F8-441C-A1C7-35AF84F066EA}.Release|arm64.Build.0 = Release|arm64
		{530555B5-C0F8-441C-A1C7-35AF84F066EA}.Release|x64.ActiveCfg = Release|x64
		{530555B5-C0F8-441C-A1C7-35AF84F066EA}.Release|x64.Build.0 = Release|x64
		{530555B5-C0F8-441C-A1C7-35AF84F066EA}.Release|x86.ActiveCfg = Release|x86
		{530555B5-C0F8-441C-A1C7-35AF84F066EA}.Release|x86.Build.0 = Release|x86
	EndGlobalSection
	GlobalSection(SolutionProperties) = preSolution
		HideSolutionNode = FALSE
	EndGlobalSection
	GlobalSection(ExtensibilityGlobals) = postSolution
		SolutionGuid = {ABB01C38-0C02-4219-A6AE-0836F1ACE2FC}
	EndGlobalSection
EndGlobal
